PODS:
  - Flutter (1.0.0)
  - patch_core (0.0.1):
    - Flutter

DEPENDENCIES:
  - Flutter (from `Flutter`)
  - patch_core (from `.symlinks/plugins/patch_core/ios`)

EXTERNAL SOURCES:
  Flutter:
    :path: Flutter
  patch_core:
    :path: ".symlinks/plugins/patch_core/ios"

SPEC CHECKSUMS:
  Flutter: cabc95a1d2626b1b06e7179b784ebcf0c0cde467
  patch_core: 8a4f01adaf8eadfadcc363742426912addba3d8d

PODFILE CHECKSUM: 3c63482e143d1b91d2d2560aee9fb04ecc74ac7e

COCOAPODS: 1.16.2
