PODS:
  - FlutterMacOS (1.0.0)
  - patch_core (0.0.1):
    - FlutterMacOS

DEPENDENCIES:
  - FlutterMacOS (from `Flutter/ephemeral`)
  - patch_core (from `Flutter/ephemeral/.symlinks/plugins/patch_core/macos`)

EXTERNAL SOURCES:
  FlutterMacOS:
    :path: Flutter/ephemeral
  patch_core:
    :path: Flutter/ephemeral/.symlinks/plugins/patch_core/macos

SPEC CHECKSUMS:
  FlutterMacOS: d0db08ddef1a9af05a5ec4b724367152bb0500b1
  patch_core: 48674d35754c0515c1fb1f89d3e9c4526ada376c

PODFILE CHECKSUM: 54d867c82ac51cbd61b565781b9fada492027009

COCOAPODS: 1.16.2
